
Microsoft Visual Studio Solution File, Format Version 12.00
# Visual Studio Version 16
VisualStudioVersion = 16.0.30413.136
MinimumVisualStudioVersion = 10.0.40219.1
Project("{FAE04EC0-301F-11D3-BF4B-00C04F79EFBC}") = "Turtle", "Turtle\Turtle.csproj", "{E4AEDF2E-F0C0-4B75-88CE-459201A15354}"
EndProject
Project("{FAE04EC0-301F-11D3-BF4B-00C04F79EFBC}") = "Engine", "Engine\Engine.csproj", "{443FA081-07F3-4E09-A317-43DEB3560D71}"
EndProject
Project("{FAE04EC0-301F-11D3-BF4B-00C04F79EFBC}") = "Config", "Config\Config.csproj", "{98782500-D74D-4A95-BB4F-74645B6F0D33}"
EndProject
Global
	GlobalSection(SolutionConfigurationPlatforms) = preSolution
		Debug|Any CPU = Debug|Any CPU
		Release|Any CPU = Release|Any CPU
	EndGlobalSection
	GlobalSection(ProjectConfigurationPlatforms) = postSolution
		{E4AEDF2E-F0C0-4B75-88CE-459201A15354}.Debug|Any CPU.ActiveCfg = Debug|Any CPU
		{E4AEDF2E-F0C0-4B75-88CE-459201A15354}.Debug|Any CPU.Build.0 = Debug|Any CPU
		{E4AEDF2E-F0C0-4B75-88CE-459201A15354}.Release|Any CPU.ActiveCfg = Release|Any CPU
		{E4AEDF2E-F0C0-4B75-88CE-459201A15354}.Release|Any CPU.Build.0 = Release|Any CPU
		{443FA081-07F3-4E09-A317-43DEB3560D71}.Debug|Any CPU.ActiveCfg = Debug|Any CPU
		{443FA081-07F3-4E09-A317-43DEB3560D71}.Debug|Any CPU.Build.0 = Debug|Any CPU
		{443FA081-07F3-4E09-A317-43DEB3560D71}.Release|Any CPU.ActiveCfg = Release|Any CPU
		{443FA081-07F3-4E09-A317-43DEB3560D71}.Release|Any CPU.Build.0 = Release|Any CPU
		{98782500-D74D-4A95-BB4F-74645B6F0D33}.Debug|Any CPU.ActiveCfg = Debug|Any CPU
		{98782500-D74D-4A95-BB4F-74645B6F0D33}.Debug|Any CPU.Build.0 = Debug|Any CPU
		{98782500-D74D-4A95-BB4F-74645B6F0D33}.Release|Any CPU.ActiveCfg = Release|Any CPU
		{98782500-D74D-4A95-BB4F-74645B6F0D33}.Release|Any CPU.Build.0 = Release|Any CPU
	EndGlobalSection
	GlobalSection(SolutionProperties) = preSolution
		HideSolutionNode = FALSE
	EndGlobalSection
	GlobalSection(ExtensibilityGlobals) = postSolution
		SolutionGuid = {279E78FD-6CB3-49E4-9A6B-443C2C22907A}
	EndGlobalSection
EndGlobal
